
Microsoft Visual Studio Solution File, Format Version 12.00
# Visual Studio Version 17
VisualStudioVersion = 17.5.33516.290
MinimumVisualStudioVersion = 10.0.40219.1
Project("{9A19103F-16F7-4668-BE54-9A1E7A4F7556}") = "AbbyWeb", "AbbyWeb\AbbyWeb.csproj", "{B2929C73-FBB1-433A-BC93-6550565A7DCB}"
EndProject
Global
	GlobalSection(SolutionConfigurationPlatforms) = preSolution
		Debug|Any CPU = Debug|Any CPU
		Release|Any CPU = Release|Any CPU
	EndGlobalSection
	GlobalSection(ProjectConfigurationPlatforms) = postSolution
		{B2929C73-FBB1-433A-BC93-6550565A7DCB}.Debug|Any CPU.ActiveCfg = Debug|Any CPU
		{B2929C73-FBB1-433A-BC93-6550565A7DCB}.Debug|Any CPU.Build.0 = Debug|Any CPU
		{B2929C73-FBB1-433A-BC93-6550565A7DCB}.Release|Any CPU.ActiveCfg = Release|Any CPU
		{B2929C73-FBB1-433A-BC93-6550565A7DCB}.Release|Any CPU.Build.0 = Release|Any CPU
	EndGlobalSection
	GlobalSection(SolutionProperties) = preSolution
		HideSolutionNode = FALSE
	EndGlobalSection
	GlobalSection(ExtensibilityGlobals) = postSolution
		SolutionGuid = {CEDF6741-BCBE-4C61-9548-9C3565468A6C}
	EndGlobalSection
EndGlobal
